{
  "name": "1DV610-L3",
  "lockfileVersion": 3,
  "requires": true,
  "packages": {
    "": {
      "dependencies": {
        "basic-statistics-calculator": "^1.0.3"
      }
    },
    "node_modules/basic-statistics-calculator": {
      "version": "1.0.3",
      "resolved": "https://registry.npmjs.org/basic-statistics-calculator/-/basic-statistics-calculator-1.0.3.tgz",
      "integrity": "sha512-YcDUj9YmnQDwku0NRqnMqdQfnvLabX/HsmzGeXMAvu44XQ5c99LZu9pI2nnpgwYdcUESxmOzvmVDIpFwG6yXLg==",
      "license": "MIT",
      "engines": {
        "node": ">=12.0.0"
      }
    }
  }
}
